
Microsoft Visual Studio Solution File, Format Version 12.00
# Visual Studio Version 17
VisualStudioVersion = 17.5.002.0
MinimumVisualStudioVersion = 10.0.40219.1
Project("{2150E333-8FDC-42A3-9474-1A3956D46DE8}") = "Labfiles", "Labfiles", "{8E4F9242-763F-4CC3-BA3B-C0554DDFD852}"
EndProject
Project("{2150E333-8FDC-42A3-9474-1A3956D46DE8}") = "01-analyze-images", "01-analyze-images", "{C1E534A3-7B5B-4E02-93A1-79A0B81D4A1C}"
EndProject
Project("{2150E333-8FDC-42A3-9474-1A3956D46DE8}") = "C-Sharp", "C-Sharp", "{0922EB6D-AA95-42BF-AD8C-B7D555EE898E}"
EndProject
Project("{9A19103F-16F7-4668-BE54-9A1E7A4F7556}") = "image-analysis", "Labfiles\01-analyze-images\C-Sharp\image-analysis\image-analysis.csproj", "{055AD33B-6E07-42E6-A18E-6A411F90CBE9}"
EndProject
Project("{2150E333-8FDC-42A3-9474-1A3956D46DE8}") = "03-object-detection", "03-object-detection", "{60E43345-8DD7-478D-84DE-0583426A0E8D}"
EndProject
Project("{2150E333-8FDC-42A3-9474-1A3956D46DE8}") = "C-Sharp", "C-Sharp", "{D86DCDFB-DA05-45C3-BD01-726AB85091FB}"
EndProject
Project("{9A19103F-16F7-4668-BE54-9A1E7A4F7556}") = "test-detector", "Labfiles\03-object-detection\C-Sharp\test-detector\test-detector.csproj", "{4D62AAD4-D54D-4206-8FB6-876E0585267F}"
EndProject
Project("{9A19103F-16F7-4668-BE54-9A1E7A4F7556}") = "train-detector", "Labfiles\03-object-detection\C-Sharp\train-detector\train-detector.csproj", "{C5D51C4C-C83B-4E6D-A0CA-489EB6C10006}"
EndProject
Project("{2150E333-8FDC-42A3-9474-1A3956D46DE8}") = "04-face", "04-face", "{52F6A95B-40B3-4B82-B607-FC2AF3EEE004}"
EndProject
Project("{2150E333-8FDC-42A3-9474-1A3956D46DE8}") = "C-Sharp", "C-Sharp", "{A2E2B74A-776A-4930-9226-B13F43451B2F}"
EndProject
Project("{9A19103F-16F7-4668-BE54-9A1E7A4F7556}") = "detect-people", "Labfiles\04-face\C-Sharp\computer-vision\detect-people.csproj", "{3000744F-891C-4592-A3F5-AA8958A7A749}"
EndProject
Project("{9A19103F-16F7-4668-BE54-9A1E7A4F7556}") = "analyze-faces", "Labfiles\04-face\C-Sharp\face-api\analyze-faces.csproj", "{E02D7C24-6C29-4B3D-987A-A85825973AF7}"
EndProject
Project("{2150E333-8FDC-42A3-9474-1A3956D46DE8}") = "05-ocr", "05-ocr", "{716FD848-38F2-4A3D-848F-BA9D1C940B2D}"
EndProject
Project("{2150E333-8FDC-42A3-9474-1A3956D46DE8}") = "C-Sharp", "C-Sharp", "{EB0ACA9E-11CB-4102-BC1F-94C68983AA2A}"
EndProject
Project("{9A19103F-16F7-4668-BE54-9A1E7A4F7556}") = "read-text", "Labfiles\05-ocr\C-Sharp\read-text\read-text.csproj", "{06AC1168-FE62-4ABA-9D14-79703F949A13}"
EndProject
Project("{2150E333-8FDC-42A3-9474-1A3956D46DE8}") = "07-custom-vision-image-classification", "07-custom-vision-image-classification", "{E4C345E6-666A-4F8F-BA85-BB81A1BB802F}"
EndProject
Project("{2150E333-8FDC-42A3-9474-1A3956D46DE8}") = "C-Sharp", "C-Sharp", "{B5C8B4F0-878F-4003-A429-13D760665374}"
EndProject
Project("{9A19103F-16F7-4668-BE54-9A1E7A4F7556}") = "test-classifier", "Labfiles\07-custom-vision-image-classification\C-Sharp\test-classifier\test-classifier.csproj", "{89D8F70B-3677-44BB-B274-21795560A234}"
EndProject
Project("{9A19103F-16F7-4668-BE54-9A1E7A4F7556}") = "train-classifier", "Labfiles\07-custom-vision-image-classification\C-Sharp\train-classifier\train-classifier.csproj", "{84BCCBBA-05C4-407B-929A-C2663A307E3F}"
EndProject
Global
	GlobalSection(SolutionConfigurationPlatforms) = preSolution
		Debug|Any CPU = Debug|Any CPU
		Release|Any CPU = Release|Any CPU
	EndGlobalSection
	GlobalSection(ProjectConfigurationPlatforms) = postSolution
		{055AD33B-6E07-42E6-A18E-6A411F90CBE9}.Debug|Any CPU.ActiveCfg = Debug|Any CPU
		{055AD33B-6E07-42E6-A18E-6A411F90CBE9}.Debug|Any CPU.Build.0 = Debug|Any CPU
		{055AD33B-6E07-42E6-A18E-6A411F90CBE9}.Release|Any CPU.ActiveCfg = Release|Any CPU
		{055AD33B-6E07-42E6-A18E-6A411F90CBE9}.Release|Any CPU.Build.0 = Release|Any CPU
		{4D62AAD4-D54D-4206-8FB6-876E0585267F}.Debug|Any CPU.ActiveCfg = Debug|Any CPU
		{4D62AAD4-D54D-4206-8FB6-876E0585267F}.Debug|Any CPU.Build.0 = Debug|Any CPU
		{4D62AAD4-D54D-4206-8FB6-876E0585267F}.Release|Any CPU.ActiveCfg = Release|Any CPU
		{4D62AAD4-D54D-4206-8FB6-876E0585267F}.Release|Any CPU.Build.0 = Release|Any CPU
		{C5D51C4C-C83B-4E6D-A0CA-489EB6C10006}.Debug|Any CPU.ActiveCfg = Debug|Any CPU
		{C5D51C4C-C83B-4E6D-A0CA-489EB6C10006}.Debug|Any CPU.Build.0 = Debug|Any CPU
		{C5D51C4C-C83B-4E6D-A0CA-489EB6C10006}.Release|Any CPU.ActiveCfg = Release|Any CPU
		{C5D51C4C-C83B-4E6D-A0CA-489EB6C10006}.Release|Any CPU.Build.0 = Release|Any CPU
		{3000744F-891C-4592-A3F5-AA8958A7A749}.Debug|Any CPU.ActiveCfg = Debug|Any CPU
		{3000744F-891C-4592-A3F5-AA8958A7A749}.Debug|Any CPU.Build.0 = Debug|Any CPU
		{3000744F-891C-4592-A3F5-AA8958A7A749}.Release|Any CPU.ActiveCfg = Release|Any CPU
		{3000744F-891C-4592-A3F5-AA8958A7A749}.Release|Any CPU.Build.0 = Release|Any CPU
		{E02D7C24-6C29-4B3D-987A-A85825973AF7}.Debug|Any CPU.ActiveCfg = Debug|Any CPU
		{E02D7C24-6C29-4B3D-987A-A85825973AF7}.Debug|Any CPU.Build.0 = Debug|Any CPU
		{E02D7C24-6C29-4B3D-987A-A85825973AF7}.Release|Any CPU.ActiveCfg = Release|Any CPU
		{E02D7C24-6C29-4B3D-987A-A85825973AF7}.Release|Any CPU.Build.0 = Release|Any CPU
		{06AC1168-FE62-4ABA-9D14-79703F949A13}.Debug|Any CPU.ActiveCfg = Debug|Any CPU
		{06AC1168-FE62-4ABA-9D14-79703F949A13}.Debug|Any CPU.Build.0 = Debug|Any CPU
		{06AC1168-FE62-4ABA-9D14-79703F949A13}.Release|Any CPU.ActiveCfg = Release|Any CPU
		{06AC1168-FE62-4ABA-9D14-79703F949A13}.Release|Any CPU.Build.0 = Release|Any CPU
		{89D8F70B-3677-44BB-B274-21795560A234}.Debug|Any CPU.ActiveCfg = Debug|Any CPU
		{89D8F70B-3677-44BB-B274-21795560A234}.Debug|Any CPU.Build.0 = Debug|Any CPU
		{89D8F70B-3677-44BB-B274-21795560A234}.Release|Any CPU.ActiveCfg = Release|Any CPU
		{89D8F70B-3677-44BB-B274-21795560A234}.Release|Any CPU.Build.0 = Release|Any CPU
		{84BCCBBA-05C4-407B-929A-C2663A307E3F}.Debug|Any CPU.ActiveCfg = Debug|Any CPU
		{84BCCBBA-05C4-407B-929A-C2663A307E3F}.Debug|Any CPU.Build.0 = Debug|Any CPU
		{84BCCBBA-05C4-407B-929A-C2663A307E3F}.Release|Any CPU.ActiveCfg = Release|Any CPU
		{84BCCBBA-05C4-407B-929A-C2663A307E3F}.Release|Any CPU.Build.0 = Release|Any CPU
	EndGlobalSection
	GlobalSection(SolutionProperties) = preSolution
		HideSolutionNode = FALSE
	EndGlobalSection
	GlobalSection(NestedProjects) = preSolution
		{C1E534A3-7B5B-4E02-93A1-79A0B81D4A1C} = {8E4F9242-763F-4CC3-BA3B-C0554DDFD852}
		{0922EB6D-AA95-42BF-AD8C-B7D555EE898E} = {C1E534A3-7B5B-4E02-93A1-79A0B81D4A1C}
		{055AD33B-6E07-42E6-A18E-6A411F90CBE9} = {0922EB6D-AA95-42BF-AD8C-B7D555EE898E}
		{60E43345-8DD7-478D-84DE-0583426A0E8D} = {8E4F9242-763F-4CC3-BA3B-C0554DDFD852}
		{D86DCDFB-DA05-45C3-BD01-726AB85091FB} = {60E43345-8DD7-478D-84DE-0583426A0E8D}
		{4D62AAD4-D54D-4206-8FB6-876E0585267F} = {D86DCDFB-DA05-45C3-BD01-726AB85091FB}
		{C5D51C4C-C83B-4E6D-A0CA-489EB6C10006} = {D86DCDFB-DA05-45C3-BD01-726AB85091FB}
		{52F6A95B-40B3-4B82-B607-FC2AF3EEE004} = {8E4F9242-763F-4CC3-BA3B-C0554DDFD852}
		{A2E2B74A-776A-4930-9226-B13F43451B2F} = {52F6A95B-40B3-4B82-B607-FC2AF3EEE004}
		{3000744F-891C-4592-A3F5-AA8958A7A749} = {A2E2B74A-776A-4930-9226-B13F43451B2F}
		{E02D7C24-6C29-4B3D-987A-A85825973AF7} = {A2E2B74A-776A-4930-9226-B13F43451B2F}
		{716FD848-38F2-4A3D-848F-BA9D1C940B2D} = {8E4F9242-763F-4CC3-BA3B-C0554DDFD852}
		{EB0ACA9E-11CB-4102-BC1F-94C68983AA2A} = {716FD848-38F2-4A3D-848F-BA9D1C940B2D}
		{06AC1168-FE62-4ABA-9D14-79703F949A13} = {EB0ACA9E-11CB-4102-BC1F-94C68983AA2A}
		{E4C345E6-666A-4F8F-BA85-BB81A1BB802F} = {8E4F9242-763F-4CC3-BA3B-C0554DDFD852}
		{B5C8B4F0-878F-4003-A429-13D760665374} = {E4C345E6-666A-4F8F-BA85-BB81A1BB802F}
		{89D8F70B-3677-44BB-B274-21795560A234} = {B5C8B4F0-878F-4003-A429-13D760665374}
		{84BCCBBA-05C4-407B-929A-C2663A307E3F} = {B5C8B4F0-878F-4003-A429-13D760665374}
	EndGlobalSection
	GlobalSection(ExtensibilityGlobals) = postSolution
		SolutionGuid = {7018AC7E-5245-4000-B521-D6C784BAC407}
	EndGlobalSection
EndGlobal
